
Microsoft Visual Studio Solution File, Format Version 12.00
# Visual Studio 15
VisualStudioVersion = 15.0.28307.329
MinimumVisualStudioVersion = 10.0.40219.1
Project("{FAE04EC0-301F-11D3-BF4B-00C04F79EFBC}") = "WindowsFormsApp51", "WindowsFormsApp51\WindowsFormsApp51.csproj", "{F8C8A256-CA52-45A7-AA82-1AE1BF77CF20}"
EndProject
Global
	GlobalSection(SolutionConfigurationPlatforms) = preSolution
		Debug|Any CPU = Debug|Any CPU
		Release|Any CPU = Release|Any CPU
	EndGlobalSection
	GlobalSection(ProjectConfigurationPlatforms) = postSolution
		{F8C8A256-CA52-45A7-AA82-1AE1BF77CF20}.Debug|Any CPU.ActiveCfg = Debug|Any CPU
		{F8C8A256-CA52-45A7-AA82-1AE1BF77CF20}.Debug|Any CPU.Build.0 = Debug|Any CPU
		{F8C8A256-CA52-45A7-AA82-1AE1BF77CF20}.Release|Any CPU.ActiveCfg = Release|Any CPU
		{F8C8A256-CA52-45A7-AA82-1AE1BF77CF20}.Release|Any CPU.Build.0 = Release|Any CPU
	EndGlobalSection
	GlobalSection(SolutionProperties) = preSolution
		HideSolutionNode = FALSE
	EndGlobalSection
	GlobalSection(ExtensibilityGlobals) = postSolution
		SolutionGuid = {1B665367-71FB-4CA8-9174-4B2EB5A7F40E}
	EndGlobalSection
EndGlobal
